# This file is automatically @generated by Cargo.
# It is not intended for manual editing.
version = 3

[[package]]
name = "proto_import"
version = "0.1.0"
dependencies = [
 "watt",
]

[[package]]
name = "watt"
version = "0.4.2"
source = "registry+https://github.com/rust-lang/crates.io-index"
checksum = "6dfc297c23899ed07d6ea3e6ed6c91f63ee6fc67aefb28243d5a610ead995fe0"
